// !$*UTF8*$!
{
	archiveVersion = 1;
	classes = {
	};
	objectVersion = 50;
	objects = {

/* Begin PBXBuildFile section */
		0766994926EE667F00EE095E /* AppDelegate.swift in Sources */ = {isa = PBXBuildFile; fileRef = 0766994826EE667F00EE095E /* AppDelegate.swift */; };
		0766994B26EE667F00EE095E /* SceneDelegate.swift in Sources */ = {isa = PBXBuildFile; fileRef = 0766994A26EE667F00EE095E /* SceneDelegate.swift */; };
		0766995026EE667F00EE095E /* Main.storyboard in Resources */ = {isa = PBXBuildFile; fileRef = 0766994E26EE667F00EE095E /* Main.storyboard */; };
		0766995226EE668100EE095E /* Assets.xcassets in Resources */ = {isa = PBXBuildFile; fileRef = 0766995126EE668100EE095E /* Assets.xcassets */; };
		0766995526EE668100EE095E /* LaunchScreen.storyboard in Resources */ = {isa = PBXBuildFile; fileRef = 0766995326EE668100EE095E /* LaunchScreen.storyboard */; };
		0766996026EE668100EE095E /* Unit1_ProjectTests.swift in Sources */ = {isa = PBXBuildFile; fileRef = 0766995F26EE668100EE095E /* Unit1_ProjectTests.swift */; };
		0766996B26EE668100EE095E /* Unit1_ProjectUITests.swift in Sources */ = {isa = PBXBuildFile; fileRef = 0766996A26EE668100EE095E /* Unit1_ProjectUITests.swift */; };
		0766997926EE68FE00EE095E /* MoviesViewController.swift in Sources */ = {isa = PBXBuildFile; fileRef = 0766997826EE68FE00EE095E /* MoviesViewController.swift */; };
		0766997D26EEA5D600EE095E /* MovieCell.swift in Sources */ = {isa = PBXBuildFile; fileRef = 0766997C26EEA5D600EE095E /* MovieCell.swift */; };
		335CA8B8DD4DC80A9DBAB8CA /* Pods_Unit1_ProjectTests.framework in Frameworks */ = {isa = PBXBuildFile; fileRef = 735DC0E5F99F21B1206C4427 /* Pods_Unit1_ProjectTests.framework */; };
		D9BB044091DFE097D406B831 /* Pods_Unit1_Project_Unit1_ProjectUITests.framework in Frameworks */ = {isa = PBXBuildFile; fileRef = CBABAD2E86D99F61A7E27AFE /* Pods_Unit1_Project_Unit1_ProjectUITests.framework */; };
		DAA2E88292FE02D39A4B0A0D /* Pods_Unit1_Project.framework in Frameworks */ = {isa = PBXBuildFile; fileRef = 21F57E40B3934BD125944210 /* Pods_Unit1_Project.framework */; };
/* End PBXBuildFile section */

/* Begin PBXContainerItemProxy section */
		0766995C26EE668100EE095E /* PBXContainerItemProxy */ = {
			isa = PBXContainerItemProxy;
			containerPortal = 0766993D26EE667F00EE095E /* Project object */;
			proxyType = 1;
			remoteGlobalIDString = 0766994426EE667F00EE095E;
			remoteInfo = "Unit1 Project";
		};
		0766996726EE668100EE095E /* PBXContainerItemProxy */ = {
			isa = PBXContainerItemProxy;
			containerPortal = 0766993D26EE667F00EE095E /* Project object */;
			proxyType = 1;
			remoteGlobalIDString = 0766994426EE667F00EE095E;
			remoteInfo = "Unit1 Project";
		};
/* End PBXContainerItemProxy section */

/* Begin PBXFileReference section */
		0245717B11875F9DDBC42AAD /* Pods-Unit1 ProjectTests.debug.xcconfig */ = {isa = PBXFileReference; includeInIndex = 1; lastKnownFileType = text.xcconfig; name = "Pods-Unit1 ProjectTests.debug.xcconfig"; path = "Target Support Files/Pods-Unit1 ProjectTests/Pods-Unit1 ProjectTests.debug.xcconfig"; sourceTree = "<group>"; };
		0766994526EE667F00EE095E /* Unit1 Project.app */ = {isa = PBXFileReference; explicitFileType = wrapper.application; includeInIndex = 0; path = "Unit1 Project.app"; sourceTree = BUILT_PRODUCTS_DIR; };
		0766994826EE667F00EE095E /* AppDelegate.swift */ = {isa = PBXFileReference; lastKnownFileType = sourcecode.swift; path = AppDelegate.swift; sourceTree = "<group>"; };
		0766994A26EE667F00EE095E /* SceneDelegate.swift */ = {isa = PBXFileReference; lastKnownFileType = sourcecode.swift; path = SceneDelegate.swift; sourceTree = "<group>"; };
		0766994F26EE667F00EE095E /* Base */ = {isa = PBXFileReference; lastKnownFileType = file.storyboard; name = Base; path = Base.lproj/Main.storyboard; sourceTree = "<group>"; };
		0766995126EE668100EE095E /* Assets.xcassets */ = {isa = PBXFileReference; lastKnownFileType = folder.assetcatalog; path = Assets.xcassets; sourceTree = "<group>"; };
		0766995426EE668100EE095E /* Base */ = {isa = PBXFileReference; lastKnownFileType = file.storyboard; name = Base; path = Base.lproj/LaunchScreen.storyboard; sourceTree = "<group>"; };
		0766995626EE668100EE095E /* Info.plist */ = {isa = PBXFileReference; lastKnownFileType = text.plist.xml; path = Info.plist; sourceTree = "<group>"; };
		0766995B26EE668100EE095E /* Unit1 ProjectTests.xctest */ = {isa = PBXFileReference; explicitFileType = wrapper.cfbundle; includeInIndex = 0; path = "Unit1 ProjectTests.xctest"; sourceTree = BUILT_PRODUCTS_DIR; };
		0766995F26EE668100EE095E /* Unit1_ProjectTests.swift */ = {isa = PBXFileReference; lastKnownFileType = sourcecode.swift; path = Unit1_ProjectTests.swift; sourceTree = "<group>"; };
		0766996126EE668100EE095E /* Info.plist */ = {isa = PBXFileReference; lastKnownFileType = text.plist.xml; path = Info.plist; sourceTree = "<group>"; };
		0766996626EE668100EE095E /* Unit1 ProjectUITests.xctest */ = {isa = PBXFileReference; explicitFileType = wrapper.cfbundle; includeInIndex = 0; path = "Unit1 ProjectUITests.xctest"; sourceTree = BUILT_PRODUCTS_DIR; };
		0766996A26EE668100EE095E /* Unit1_ProjectUITests.swift */ = {isa = PBXFileReference; lastKnownFileType = sourcecode.swift; path = Unit1_ProjectUITests.swift; sourceTree = "<group>"; };
		0766996C26EE668100EE095E /* Info.plist */ = {isa = PBXFileReference; lastKnownFileType = text.plist.xml; path = Info.plist; sourceTree = "<group>"; };
		0766997826EE68FE00EE095E /* MoviesViewController.swift */ = {isa = PBXFileReference; lastKnownFileType = sourcecode.swift; path = MoviesViewController.swift; sourceTree = "<group>"; };
		0766997C26EEA5D600EE095E /* MovieCell.swift */ = {isa = PBXFileReference; lastKnownFileType = sourcecode.swift; path = MovieCell.swift; sourceTree = "<group>"; };
		1759F7C9713E2C73E13DCC20 /* Pods-Unit1 Project-Unit1 ProjectUITests.release.xcconfig */ = {isa = PBXFileReference; includeInIndex = 1; lastKnownFileType = text.xcconfig; name = "Pods-Unit1 Project-Unit1 ProjectUITests.release.xcconfig"; path = "Target Support Files/Pods-Unit1 Project-Unit1 ProjectUITests/Pods-Unit1 Project-Unit1 ProjectUITests.release.xcconfig"; sourceTree = "<group>"; };
		200B1C1561A175327F495359 /* Pods-Unit1 Project.debug.xcconfig */ = {isa = PBXFileReference; includeInIndex = 1; lastKnownFileType = text.xcconfig; name = "Pods-Unit1 Project.debug.xcconfig"; path = "Target Support Files/Pods-Unit1 Project/Pods-Unit1 Project.debug.xcconfig"; sourceTree = "<group>"; };
		21F57E40B3934BD125944210 /* Pods_Unit1_Project.framework */ = {isa = PBXFileReference; explicitFileType = wrapper.framework; includeInIndex = 0; path = Pods_Unit1_Project.framework; sourceTree = BUILT_PRODUCTS_DIR; };
		302172830D56C7107D6A6B32 /* Pods-Unit1 Project-Unit1 ProjectUITests.debug.xcconfig */ = {isa = PBXFileReference; includeInIndex = 1; lastKnownFileType = text.xcconfig; name = "Pods-Unit1 Project-Unit1 ProjectUITests.debug.xcconfig"; path = "Target Support Files/Pods-Unit1 Project-Unit1 ProjectUITests/Pods-Unit1 Project-Unit1 ProjectUITests.debug.xcconfig"; sourceTree = "<group>"; };
		50664B06D1C4A08411011C7D /* Pods-Unit1 Project.release.xcconfig */ = {isa = PBXFileReference; includeInIndex = 1; lastKnownFileType = text.xcconfig; name = "Pods-Unit1 Project.release.xcconfig"; path = "Target Support Files/Pods-Unit1 Project/Pods-Unit1 Project.release.xcconfig"; sourceTree = "<group>"; };
		6A012439A9AFC78A7EF09B7D /* Pods-Unit1 ProjectTests.release.xcconfig */ = {isa = PBXFileReference; includeInIndex = 1; lastKnownFileType = text.xcconfig; name = "Pods-Unit1 ProjectTests.release.xcconfig"; path = "Target Support Files/Pods-Unit1 ProjectTests/Pods-Unit1 ProjectTests.release.xcconfig"; sourceTree = "<group>"; };
		735DC0E5F99F21B1206C4427 /* Pods_Unit1_ProjectTests.framework */ = {isa = PBXFileReference; explicitFileType = wrapper.framework; includeInIndex = 0; path = Pods_Unit1_ProjectTests.framework; sourceTree = BUILT_PRODUCTS_DIR; };
		CBABAD2E86D99F61A7E27AFE /* Pods_Unit1_Project_Unit1_ProjectUITests.framework */ = {isa = PBXFileReference; explicitFileType = wrapper.framework; includeInIndex = 0; path = Pods_Unit1_Project_Unit1_ProjectUITests.framework; sourceTree = BUILT_PRODUCTS_DIR; };
/* End PBXFileReference section */

/* Begin PBXFrameworksBuildPhase section */
		0766994226EE667F00EE095E /* Frameworks */ = {
			isa = PBXFrameworksBuildPhase;
			buildActionMask = 2147483647;
			files = (
				DAA2E88292FE02D39A4B0A0D /* Pods_Unit1_Project.framework in Frameworks */,
			);
			runOnlyForDeploymentPostprocessing = 0;
		};
		0766995826EE668100EE095E /* Frameworks */ = {
			isa = PBXFrameworksBuildPhase;
			buildActionMask = 2147483647;
			files = (
				335CA8B8DD4DC80A9DBAB8CA /* Pods_Unit1_ProjectTests.framework in Frameworks */,
			);
			runOnlyForDeploymentPostprocessing = 0;
		};
		0766996326EE668100EE095E /* Frameworks */ = {
			isa = PBXFrameworksBuildPhase;
			buildActionMask = 2147483647;
			files = (
				D9BB044091DFE097D406B831 /* Pods_Unit1_Project_Unit1_ProjectUITests.framework in Frameworks */,
			);
			runOnlyForDeploymentPostprocessing = 0;
		};
/* End PBXFrameworksBuildPhase section */

/* Begin PBXGroup section */
		0766993C26EE667F00EE095E = {
			isa = PBXGroup;
			children = (
				0766994726EE667F00EE095E /* Unit1 Project */,
				0766995E26EE668100EE095E /* Unit1 ProjectTests */,
				0766996926EE668100EE095E /* Unit1 ProjectUITests */,
				0766994626EE667F00EE095E /* Products */,
				D25DE5BE22D29E99FBABA4C4 /* Pods */,
				A4FB752D3456D32B2538AAF9 /* Frameworks */,
			);
			sourceTree = "<group>";
		};
		0766994626EE667F00EE095E /* Products */ = {
			isa = PBXGroup;
			children = (
				0766994526EE667F00EE095E /* Unit1 Project.app */,
				0766995B26EE668100EE095E /* Unit1 ProjectTests.xctest */,
				0766996626EE668100EE095E /* Unit1 ProjectUITests.xctest */,
			);
			name = Products;
			sourceTree = "<group>";
		};
		0766994726EE667F00EE095E /* Unit1 Project */ = {
			isa = PBXGroup;
			children = (
				0766994826EE667F00EE095E /* AppDelegate.swift */,
				0766994A26EE667F00EE095E /* SceneDelegate.swift */,
				0766994E26EE667F00EE095E /* Main.storyboard */,
				0766995126EE668100EE095E /* Assets.xcassets */,
				0766995326EE668100EE095E /* LaunchScreen.storyboard */,
				0766995626EE668100EE095E /* Info.plist */,
				0766997826EE68FE00EE095E /* MoviesViewController.swift */,
				0766997C26EEA5D600EE095E /* MovieCell.swift */,
			);
			path = "Unit1 Project";
			sourceTree = "<group>";
		};
		0766995E26EE668100EE095E /* Unit1 ProjectTests */ = {
			isa = PBXGroup;
			children = (
				0766995F26EE668100EE095E /* Unit1_ProjectTests.swift */,
				0766996126EE668100EE095E /* Info.plist */,
			);
			path = "Unit1 ProjectTests";
			sourceTree = "<group>";
		};
		0766996926EE668100EE095E /* Unit1 ProjectUITests */ = {
			isa = PBXGroup;
			children = (
				0766996A26EE668100EE095E /* Unit1_ProjectUITests.swift */,
				0766996C26EE668100EE095E /* Info.plist */,
			);
			path = "Unit1 ProjectUITests";
			sourceTree = "<group>";
		};
		A4FB752D3456D32B2538AAF9 /* Frameworks */ = {
			isa = PBXGroup;
			children = (
				21F57E40B3934BD125944210 /* Pods_Unit1_Project.framework */,
				CBABAD2E86D99F61A7E27AFE /* Pods_Unit1_Project_Unit1_ProjectUITests.framework */,
				735DC0E5F99F21B1206C4427 /* Pods_Unit1_ProjectTests.framework */,
			);
			name = Frameworks;
			sourceTree = "<group>";
		};
		D25DE5BE22D29E99FBABA4C4 /* Pods */ = {
			isa = PBXGroup;
			children = (
				200B1C1561A175327F495359 /* Pods-Unit1 Project.debug.xcconfig */,
				50664B06D1C4A08411011C7D /* Pods-Unit1 Project.release.xcconfig */,
				302172830D56C7107D6A6B32 /* Pods-Unit1 Project-Unit1 ProjectUITests.debug.xcconfig */,
				1759F7C9713E2C73E13DCC20 /* Pods-Unit1 Project-Unit1 ProjectUITests.release.xcconfig */,
				0245717B11875F9DDBC42AAD /* Pods-Unit1 ProjectTests.debug.xcconfig */,
				6A012439A9AFC78A7EF09B7D /* Pods-Unit1 ProjectTests.release.xcconfig */,
			);
			name = Pods;
			path = Pods;
			sourceTree = "<group>";
		};
/* End PBXGroup section */

/* Begin PBXNativeTarget section */
		0766994426EE667F00EE095E /* Unit1 Project */ = {
			isa = PBXNativeTarget;
			buildConfigurationList = 0766996F26EE668100EE095E /* Build configuration list for PBXNativeTarget "Unit1 Project" */;
			buildPhases = (
				D59F2140E6C2E580878933AD /* [CP] Check Pods Manifest.lock */,
				0766994126EE667F00EE095E /* Sources */,
				0766994226EE667F00EE095E /* Frameworks */,
				0766994326EE667F00EE095E /* Resources */,
				DDF7E1AA18467203F5E40152 /* [CP] Embed Pods Frameworks */,
			);
			buildRules = (
			);
			dependencies = (
			);
			name = "Unit1 Project";
			productName = "Unit1 Project";
			productReference = 0766994526EE667F00EE095E /* Unit1 Project.app */;
			productType = "com.apple.product-type.application";
		};
		0766995A26EE668100EE095E /* Unit1 ProjectTests */ = {
			isa = PBXNativeTarget;
			buildConfigurationList = 0766997226EE668100EE095E /* Build configuration list for PBXNativeTarget "Unit1 ProjectTests" */;
			buildPhases = (
				E474BF42FC700CA75FBFF4A9 /* [CP] Check Pods Manifest.lock */,
				0766995726EE668100EE095E /* Sources */,
				0766995826EE668100EE095E /* Frameworks */,
				0766995926EE668100EE095E /* Resources */,
			);
			buildRules = (
			);
			dependencies = (
				0766995D26EE668100EE095E /* PBXTargetDependency */,
			);
			name = "Unit1 ProjectTests";
			productName = "Unit1 ProjectTests";
			productReference = 0766995B26EE668100EE095E /* Unit1 ProjectTests.xctest */;
			productType = "com.apple.product-type.bundle.unit-test";
		};
		0766996526EE668100EE095E /* Unit1 ProjectUITests */ = {
			isa = PBXNativeTarget;
			buildConfigurationList = 0766997526EE668100EE095E /* Build configuration list for PBXNativeTarget "Unit1 ProjectUITests" */;
			buildPhases = (
				22C183E033C28C81F4A4A38F /* [CP] Check Pods Manifest.lock */,
				0766996226EE668100EE095E /* Sources */,
				0766996326EE668100EE095E /* Frameworks */,
				0766996426EE668100EE095E /* Resources */,
				70E24DAAEADCE490F45067CC /* [CP] Embed Pods Frameworks */,
			);
			buildRules = (
			);
			dependencies = (
				0766996826EE668100EE095E /* PBXTargetDependency */,
			);
			name = "Unit1 ProjectUITests";
			productName = "Unit1 ProjectUITests";
			productReference = 0766996626EE668100EE095E /* Unit1 ProjectUITests.xctest */;
			productType = "com.apple.product-type.bundle.ui-testing";
		};
/* End PBXNativeTarget section */

/* Begin PBXProject section */
		0766993D26EE667F00EE095E /* Project object */ = {
			isa = PBXProject;
			attributes = {
				LastSwiftUpdateCheck = 1250;
				LastUpgradeCheck = 1250;
				TargetAttributes = {
					0766994426EE667F00EE095E = {
						CreatedOnToolsVersion = 12.5.1;
					};
					0766995A26EE668100EE095E = {
						CreatedOnToolsVersion = 12.5.1;
						TestTargetID = 0766994426EE667F00EE095E;
					};
					0766996526EE668100EE095E = {
						CreatedOnToolsVersion = 12.5.1;
						TestTargetID = 0766994426EE667F00EE095E;
					};
				};
			};
			buildConfigurationList = 0766994026EE667F00EE095E /* Build configuration list for PBXProject "Unit1 Project" */;
			compatibilityVersion = "Xcode 9.3";
			developmentRegion = en;
			hasScannedForEncodings = 0;
			knownRegions = (
				en,
				Base,
			);
			mainGroup = 0766993C26EE667F00EE095E;
			productRefGroup = 0766994626EE667F00EE095E /* Products */;
			projectDirPath = "";
			projectRoot = "";
			targets = (
				0766994426EE667F00EE095E /* Unit1 Project */,
				0766995A26EE668100EE095E /* Unit1 ProjectTests */,
				0766996526EE668100EE095E /* Unit1 ProjectUITests */,
			);
		};
/* End PBXProject section */

/* Begin PBXResourcesBuildPhase section */
		0766994326EE667F00EE095E /* Resources */ = {
			isa = PBXResourcesBuildPhase;
			buildActionMask = 2147483647;
			files = (
				0766995526EE668100EE095E /* LaunchScreen.storyboard in Resources */,
				0766995226EE668100EE095E /* Assets.xcassets in Resources */,
				0766995026EE667F00EE095E /* Main.storyboard in Resources */,
			);
			runOnlyForDeploymentPostprocessing = 0;
		};
		0766995926EE668100EE095E /* Resources */ = {
			isa = PBXResourcesBuildPhase;
			buildActionMask = 2147483647;
			files = (
			);
			runOnlyForDeploymentPostprocessing = 0;
		};
		0766996426EE668100EE095E /* Resources */ = {
			isa = PBXResourcesBuildPhase;
			buildActionMask = 2147483647;
			files = (
			);
			runOnlyForDeploymentPostprocessing = 0;
		};
/* End PBXResourcesBuildPhase section */

/* Begin PBXShellScriptBuildPhase section */
		22C183E033C28C81F4A4A38F /* [CP] Check Pods Manifest.lock */ = {
			isa = PBXShellScriptBuildPhase;
			buildActionMask = 2147483647;
			files = (
			);
			inputFileListPaths = (
			);
			inputPaths = (
				"${PODS_PODFILE_DIR_PATH}/Podfile.lock",
				"${PODS_ROOT}/Manifest.lock",
			);
			name = "[CP] Check Pods Manifest.lock";
			outputFileListPaths = (
			);
			outputPaths = (
				"$(DERIVED_FILE_DIR)/Pods-Unit1 Project-Unit1 ProjectUITests-checkManifestLockResult.txt",
			);
			runOnlyForDeploymentPostprocessing = 0;
			shellPath = /bin/sh;
			shellScript = "diff \"${PODS_PODFILE_DIR_PATH}/Podfile.lock\" \"${PODS_ROOT}/Manifest.lock\" > /dev/null\nif [ $? != 0 ] ; then\n    # print error to STDERR\n    echo \"error: The sandbox is not in sync with the Podfile.lock. Run 'pod install' or update your CocoaPods installation.\" >&2\n    exit 1\nfi\n# This output is used by Xcode 'outputs' to avoid re-running this script phase.\necho \"SUCCESS\" > \"${SCRIPT_OUTPUT_FILE_0}\"\n";
			showEnvVarsInLog = 0;
		};
		70E24DAAEADCE490F45067CC /* [CP] Embed Pods Frameworks */ = {
			isa = PBXShellScriptBuildPhase;
			buildActionMask = 2147483647;
			files = (
			);
			inputFileListPaths = (
				"${PODS_ROOT}/Target Support Files/Pods-Unit1 Project-Unit1 ProjectUITests/Pods-Unit1 Project-Unit1 ProjectUITests-frameworks-${CONFIGURATION}-input-files.xcfilelist",
			);
			name = "[CP] Embed Pods Frameworks";
			outputFileListPaths = (
				"${PODS_ROOT}/Target Support Files/Pods-Unit1 Project-Unit1 ProjectUITests/Pods-Unit1 Project-Unit1 ProjectUITests-frameworks-${CONFIGURATION}-output-files.xcfilelist",
			);
			runOnlyForDeploymentPostprocessing = 0;
			shellPath = /bin/sh;
			shellScript = "\"${PODS_ROOT}/Target Support Files/Pods-Unit1 Project-Unit1 ProjectUITests/Pods-Unit1 Project-Unit1 ProjectUITests-frameworks.sh\"\n";
			showEnvVarsInLog = 0;
		};
		D59F2140E6C2E580878933AD /* [CP] Check Pods Manifest.lock */ = {
			isa = PBXShellScriptBuildPhase;
			buildActionMask = 2147483647;
			files = (
			);
			inputFileListPaths = (
			);
			inputPaths = (
				"${PODS_PODFILE_DIR_PATH}/Podfile.lock",
				"${PODS_ROOT}/Manifest.lock",
			);
			name = "[CP] Check Pods Manifest.lock";
			outputFileListPaths = (
			);
			outputPaths = (
				"$(DERIVED_FILE_DIR)/Pods-Unit1 Project-checkManifestLockResult.txt",
			);
			runOnlyForDeploymentPostprocessing = 0;
			shellPath = /bin/sh;
			shellScript = "diff \"${PODS_PODFILE_DIR_PATH}/Podfile.lock\" \"${PODS_ROOT}/Manifest.lock\" > /dev/null\nif [ $? != 0 ] ; then\n    # print error to STDERR\n    echo \"error: The sandbox is not in sync with the Podfile.lock. Run 'pod install' or update your CocoaPods installation.\" >&2\n    exit 1\nfi\n# This output is used by Xcode 'outputs' to avoid re-running this script phase.\necho \"SUCCESS\" > \"${SCRIPT_OUTPUT_FILE_0}\"\n";
			showEnvVarsInLog = 0;
		};
		DDF7E1AA18467203F5E40152 /* [CP] Embed Pods Frameworks */ = {
			isa = PBXShellScriptBuildPhase;
			buildActionMask = 2147483647;
			files = (
			);
			inputFileListPaths = (
				"${PODS_ROOT}/Target Support Files/Pods-Unit1 Project/Pods-Unit1 Project-frameworks-${CONFIGURATION}-input-files.xcfilelist",
			);
			name = "[CP] Embed Pods Frameworks";
			outputFileListPaths = (
				"${PODS_ROOT}/Target Support Files/Pods-Unit1 Project/Pods-Unit1 Project-frameworks-${CONFIGURATION}-output-files.xcfilelist",
			);
			runOnlyForDeploymentPostprocessing = 0;
			shellPath = /bin/sh;
			shellScript = "\"${PODS_ROOT}/Target Support Files/Pods-Unit1 Project/Pods-Unit1 Project-frameworks.sh\"\n";
			showEnvVarsInLog = 0;
		};
		E474BF42FC700CA75FBFF4A9 /* [CP] Check Pods Manifest.lock */ = {
			isa = PBXShellScriptBuildPhase;
			buildActionMask = 2147483647;
			files = (
			);
			inputFileListPaths = (
			);
			inputPaths = (
				"${PODS_PODFILE_DIR_PATH}/Podfile.lock",
				"${PODS_ROOT}/Manifest.lock",
			);
			name = "[CP] Check Pods Manifest.lock";
			outputFileListPaths = (
			);
			outputPaths = (
				"$(DERIVED_FILE_DIR)/Pods-Unit1 ProjectTests-checkManifestLockResult.txt",
			);
			runOnlyForDeploymentPostprocessing = 0;
			shellPath = /bin/sh;
			shellScript = "diff \"${PODS_PODFILE_DIR_PATH}/Podfile.lock\" \"${PODS_ROOT}/Manifest.lock\" > /dev/null\nif [ $? != 0 ] ; then\n    # print error to STDERR\n    echo \"error: The sandbox is not in sync with the Podfile.lock. Run 'pod install' or update your CocoaPods installation.\" >&2\n    exit 1\nfi\n# This output is used by Xcode 'outputs' to avoid re-running this script phase.\necho \"SUCCESS\" > \"${SCRIPT_OUTPUT_FILE_0}\"\n";
			showEnvVarsInLog = 0;
		};
/* End PBXShellScriptBuildPhase section */

/* Begin PBXSourcesBuildPhase section */
		0766994126EE667F00EE095E /* Sources */ = {
			isa = PBXSourcesBuildPhase;
			buildActionMask = 2147483647;
			files = (
				0766994926EE667F00EE095E /* AppDelegate.swift in Sources */,
				0766994B26EE667F00EE095E /* SceneDelegate.swift in Sources */,
				0766997D26EEA5D600EE095E /* MovieCell.swift in Sources */,
				0766997926EE68FE00EE095E /* MoviesViewController.swift in Sources */,
			);
			runOnlyForDeploymentPostprocessing = 0;
		};
		0766995726EE668100EE095E /* Sources */ = {
			isa = PBXSourcesBuildPhase;
			buildActionMask = 2147483647;
			files = (
				0766996026EE668100EE095E /* Unit1_ProjectTests.swift in Sources */,
			);
			runOnlyForDeploymentPostprocessing = 0;
		};
		0766996226EE668100EE095E /* Sources */ = {
			isa = PBXSourcesBuildPhase;
			buildActionMask = 2147483647;
			files = (
				0766996B26EE668100EE095E /* Unit1_ProjectUITests.swift in Sources */,
			);
			runOnlyForDeploymentPostprocessing = 0;
		};
/* End PBXSourcesBuildPhase section */

/* Begin PBXTargetDependency section */
		0766995D26EE668100EE095E /* PBXTargetDependency */ = {
			isa = PBXTargetDependency;
			target = 0766994426EE667F00EE095E /* Unit1 Project */;
			targetProxy = 0766995C26EE668100EE095E /* PBXContainerItemProxy */;
		};
		0766996826EE668100EE095E /* PBXTargetDependency */ = {
			isa = PBXTargetDependency;
			target = 0766994426EE667F00EE095E /* Unit1 Project */;
			targetProxy = 0766996726EE668100EE095E /* PBXContainerItemProxy */;
		};
/* End PBXTargetDependency section */

/* Begin PBXVariantGroup section */
		0766994E26EE667F00EE095E /* Main.storyboard */ = {
			isa = PBXVariantGroup;
			children = (
				0766994F26EE667F00EE095E /* Base */,
			);
			name = Main.storyboard;
			sourceTree = "<group>";
		};
		0766995326EE668100EE095E /* LaunchScreen.storyboard */ = {
			isa = PBXVariantGroup;
			children = (
				0766995426EE668100EE095E /* Base */,
			);
			name = LaunchScreen.storyboard;
			sourceTree = "<group>";
		};
/* End PBXVariantGroup section */

/* Begin XCBuildConfiguration section */
		0766996D26EE668100EE095E /* Debug */ = {
			isa = XCBuildConfiguration;
			buildSettings = {
				ALWAYS_SEARCH_USER_PATHS = NO;
				CLANG_ANALYZER_NONNULL = YES;
				CLANG_ANALYZER_NUMBER_OBJECT_CONVERSION = YES_AGGRESSIVE;
				CLANG_CXX_LANGUAGE_STANDARD = "gnu++14";
				CLANG_CXX_LIBRARY = "libc++";
				CLANG_ENABLE_MODULES = YES;
				CLANG_ENABLE_OBJC_ARC = YES;
				CLANG_ENABLE_OBJC_WEAK = YES;
				CLANG_WARN_BLOCK_CAPTURE_AUTORELEASING = YES;
				CLANG_WARN_BOOL_CONVERSION = YES;
				CLANG_WARN_COMMA = YES;
				CLANG_WARN_CONSTANT_CONVERSION = YES;
				CLANG_WARN_DEPRECATED_OBJC_IMPLEMENTATIONS = YES;
				CLANG_WARN_DIRECT_OBJC_ISA_USAGE = YES_ERROR;
				CLANG_WARN_DOCUMENTATION_COMMENTS = YES;
				CLANG_WARN_EMPTY_BODY = YES;
				CLANG_WARN_ENUM_CONVERSION = YES;
				CLANG_WARN_INFINITE_RECURSION = YES;
				CLANG_WARN_INT_CONVERSION = YES;
				CLANG_WARN_NON_LITERAL_NULL_CONVERSION = YES;
				CLANG_WARN_OBJC_IMPLICIT_RETAIN_SELF = YES;
				CLANG_WARN_OBJC_LITERAL_CONVERSION = YES;
				CLANG_WARN_OBJC_ROOT_CLASS = YES_ERROR;
				CLANG_WARN_QUOTED_INCLUDE_IN_FRAMEWORK_HEADER = YES;
				CLANG_WARN_RANGE_LOOP_ANALYSIS = YES;
				CLANG_WARN_STRICT_PROTOTYPES = YES;
				CLANG_WARN_SUSPICIOUS_MOVE = YES;
				CLANG_WARN_UNGUARDED_AVAILABILITY = YES_AGGRESSIVE;
				CLANG_WARN_UNREACHABLE_CODE = YES;
				CLANG_WARN__DUPLICATE_METHOD_MATCH = YES;
				COPY_PHASE_STRIP = NO;
				DEBUG_INFORMATION_FORMAT = dwarf;
				ENABLE_STRICT_OBJC_MSGSEND = YES;
				ENABLE_TESTABILITY = YES;
				GCC_C_LANGUAGE_STANDARD = gnu11;
				GCC_DYNAMIC_NO_PIC = NO;
				GCC_NO_COMMON_BLOCKS = YES;
				GCC_OPTIMIZATION_LEVEL = 0;
				GCC_PREPROCESSOR_DEFINITIONS = (
					"DEBUG=1",
					"$(inherited)",
				);
				GCC_WARN_64_TO_32_BIT_CONVERSION = YES;
				GCC_WARN_ABOUT_RETURN_TYPE = YES_ERROR;
				GCC_WARN_UNDECLARED_SELECTOR = YES;
				GCC_WARN_UNINITIALIZED_AUTOS = YES_AGGRESSIVE;
				GCC_WARN_UNUSED_FUNCTION = YES;
				GCC_WARN_UNUSED_VARIABLE = YES;
				IPHONEOS_DEPLOYMENT_TARGET = 14.5;
				MTL_ENABLE_DEBUG_INFO = INCLUDE_SOURCE;
				MTL_FAST_MATH = YES;
				ONLY_ACTIVE_ARCH = YES;
				SDKROOT = iphoneos;
				SWIFT_ACTIVE_COMPILATION_CONDITIONS = DEBUG;
				SWIFT_OPTIMIZATION_LEVEL = "-Onone";
			};
			name = Debug;
		};
		0766996E26EE668100EE095E /* Release */ = {
			isa = XCBuildConfiguration;
			buildSettings = {
				ALWAYS_SEARCH_USER_PATHS = NO;
				CLANG_ANALYZER_NONNULL = YES;
				CLANG_ANALYZER_NUMBER_OBJECT_CONVERSION = YES_AGGRESSIVE;
				CLANG_CXX_LANGUAGE_STANDARD = "gnu++14";
				CLANG_CXX_LIBRARY = "libc++";
				CLANG_ENABLE_MODULES = YES;
				CLANG_ENABLE_OBJC_ARC = YES;
				CLANG_ENABLE_OBJC_WEAK = YES;
				CLANG_WARN_BLOCK_CAPTURE_AUTORELEASING = YES;
				CLANG_WARN_BOOL_CONVERSION = YES;
				CLANG_WARN_COMMA = YES;
				CLANG_WARN_CONSTANT_CONVERSION = YES;
				CLANG_WARN_DEPRECATED_OBJC_IMPLEMENTATIONS = YES;
				CLANG_WARN_DIRECT_OBJC_ISA_USAGE = YES_ERROR;
				CLANG_WARN_DOCUMENTATION_COMMENTS = YES;
				CLANG_WARN_EMPTY_BODY = YES;
				CLANG_WARN_ENUM_CONVERSION = YES;
				CLANG_WARN_INFINITE_RECURSION = YES;
				CLANG_WARN_INT_CONVERSION = YES;
				CLANG_WARN_NON_LITERAL_NULL_CONVERSION = YES;
				CLANG_WARN_OBJC_IMPLICIT_RETAIN_SELF = YES;
				CLANG_WARN_OBJC_LITERAL_CONVERSION = YES;
				CLANG_WARN_OBJC_ROOT_CLASS = YES_ERROR;
				CLANG_WARN_QUOTED_INCLUDE_IN_FRAMEWORK_HEADER = YES;
				CLANG_WARN_RANGE_LOOP_ANALYSIS = YES;
				CLANG_WARN_STRICT_PROTOTYPES = YES;
				CLANG_WARN_SUSPICIOUS_MOVE = YES;
				CLANG_WARN_UNGUARDED_AVAILABILITY = YES_AGGRESSIVE;
				CLANG_WARN_UNREACHABLE_CODE = YES;
				CLANG_WARN__DUPLICATE_METHOD_MATCH = YES;
				COPY_PHASE_STRIP = NO;
				DEBUG_INFORMATION_FORMAT = "dwarf-with-dsym";
				ENABLE_NS_ASSERTIONS = NO;
				ENABLE_STRICT_OBJC_MSGSEND = YES;
				GCC_C_LANGUAGE_STANDARD = gnu11;
				GCC_NO_COMMON_BLOCKS = YES;
				GCC_WARN_64_TO_32_BIT_CONVERSION = YES;
				GCC_WARN_ABOUT_RETURN_TYPE = YES_ERROR;
				GCC_WARN_UNDECLARED_SELECTOR = YES;
				GCC_WARN_UNINITIALIZED_AUTOS = YES_AGGRESSIVE;
				GCC_WARN_UNUSED_FUNCTION = YES;
				GCC_WARN_UNUSED_VARIABLE = YES;
				IPHONEOS_DEPLOYMENT_TARGET = 14.5;
				MTL_ENABLE_DEBUG_INFO = NO;
				MTL_FAST_MATH = YES;
				SDKROOT = iphoneos;
				SWIFT_COMPILATION_MODE = wholemodule;
				SWIFT_OPTIMIZATION_LEVEL = "-O";
				VALIDATE_PRODUCT = YES;
			};
			name = Release;
		};
		0766997026EE668100EE095E /* Debug */ = {
			isa = XCBuildConfiguration;
			baseConfigurationReference = 200B1C1561A175327F495359 /* Pods-Unit1 Project.debug.xcconfig */;
			buildSettings = {
				ASSETCATALOG_COMPILER_APPICON_NAME = AppIcon;
				ASSETCATALOG_COMPILER_GLOBAL_ACCENT_COLOR_NAME = AccentColor;
				CODE_SIGN_STYLE = Automatic;
				DEVELOPMENT_TEAM = H4R52F2843;
				INFOPLIST_FILE = "Unit1 Project/Info.plist";
				LD_RUNPATH_SEARCH_PATHS = (
					"$(inherited)",
					"@executable_path/Frameworks",
				);
				PRODUCT_BUNDLE_IDENTIFIER = "JuanG.Unit1-Project";
				PRODUCT_NAME = "$(TARGET_NAME)";
				SWIFT_VERSION = 5.0;
				TARGETED_DEVICE_FAMILY = "1,2";
			};
			name = Debug;
		};
		0766997126EE668100EE095E /* Release */ = {
			isa = XCBuildConfiguration;
			baseConfigurationReference = 50664B06D1C4A08411011C7D /* Pods-Unit1 Project.release.xcconfig */;
			buildSettings = {
				ASSETCATALOG_COMPILER_APPICON_NAME = AppIcon;
				ASSETCATALOG_COMPILER_GLOBAL_ACCENT_COLOR_NAME = AccentColor;
				CODE_SIGN_STYLE = Automatic;
				DEVELOPMENT_TEAM = H4R52F2843;
				INFOPLIST_FILE = "Unit1 Project/Info.plist";
				LD_RUNPATH_SEARCH_PATHS = (
					"$(inherited)",
					"@executable_path/Frameworks",
				);
				PRODUCT_BUNDLE_IDENTIFIER = "JuanG.Unit1-Project";
				PRODUCT_NAME = "$(TARGET_NAME)";
				SWIFT_VERSION = 5.0;
				TARGETED_DEVICE_FAMILY = "1,2";
			};
			name = Release;
		};
		0766997326EE668100EE095E /* Debug */ = {
			isa = XCBuildConfiguration;
			baseConfigurationReference = 0245717B11875F9DDBC42AAD /* Pods-Unit1 ProjectTests.debug.xcconfig */;
			buildSettings = {
				ALWAYS_EMBED_SWIFT_STANDARD_LIBRARIES = YES;
				BUNDLE_LOADER = "$(TEST_HOST)";
				CODE_SIGN_STYLE = Automatic;
				DEVELOPMENT_TEAM = H4R52F2843;
				INFOPLIST_FILE = "Unit1 ProjectTests/Info.plist";
				IPHONEOS_DEPLOYMENT_TARGET = 14.5;
				LD_RUNPATH_SEARCH_PATHS = (
					"$(inherited)",
					"@executable_path/Frameworks",
					"@loader_path/Frameworks",
				);
				PRODUCT_BUNDLE_IDENTIFIER = "JuanG.Unit1-ProjectTests";
				PRODUCT_NAME = "$(TARGET_NAME)";
				SWIFT_VERSION = 5.0;
				TARGETED_DEVICE_FAMILY = "1,2";
				TEST_HOST = "$(BUILT_PRODUCTS_DIR)/Unit1 Project.app/Unit1 Project";
			};
			name = Debug;
		};
		0766997426EE668100EE095E /* Release */ = {
			isa = XCBuildConfiguration;
			baseConfigurationReference = 6A012439A9AFC78A7EF09B7D /* Pods-Unit1 ProjectTests.release.xcconfig */;
			buildSettings = {
				ALWAYS_EMBED_SWIFT_STANDARD_LIBRARIES = YES;
				BUNDLE_LOADER = "$(TEST_HOST)";
				CODE_SIGN_STYLE = Automatic;
				DEVELOPMENT_TEAM = H4R52F2843;
				INFOPLIST_FILE = "Unit1 ProjectTests/Info.plist";
				IPHONEOS_DEPLOYMENT_TARGET = 14.5;
				LD_RUNPATH_SEARCH_PATHS = (
					"$(inherited)",
					"@executable_path/Frameworks",
					"@loader_path/Frameworks",
				);
				PRODUCT_BUNDLE_IDENTIFIER = "JuanG.Unit1-ProjectTests";
				PRODUCT_NAME = "$(TARGET_NAME)";
				SWIFT_VERSION = 5.0;
				TARGETED_DEVICE_FAMILY = "1,2";
				TEST_HOST = "$(BUILT_PRODUCTS_DIR)/Unit1 Project.app/Unit1 Project";
			};
			name = Release;
		};
		0766997626EE668100EE095E /* Debug */ = {
			isa = XCBuildConfiguration;
			baseConfigurationReference = 302172830D56C7107D6A6B32 /* Pods-Unit1 Project-Unit1 ProjectUITests.debug.xcconfig */;
			buildSettings = {
				ALWAYS_EMBED_SWIFT_STANDARD_LIBRARIES = YES;
				CODE_SIGN_STYLE = Automatic;
				DEVELOPMENT_TEAM = H4R52F2843;
				INFOPLIST_FILE = "Unit1 ProjectUITests/Info.plist";
				LD_RUNPATH_SEARCH_PATHS = (
					"$(inherited)",
					"@executable_path/Frameworks",
					"@loader_path/Frameworks",
				);
				PRODUCT_BUNDLE_IDENTIFIER = "JuanG.Unit1-ProjectUITests";
				PRODUCT_NAME = "$(TARGET_NAME)";
				SWIFT_VERSION = 5.0;
				TARGETED_DEVICE_FAMILY = "1,2";
				TEST_TARGET_NAME = "Unit1 Project";
			};
			name = Debug;
		};
		0766997726EE668100EE095E /* Release */ = {
			isa = XCBuildConfiguration;
			baseConfigurationReference = 1759F7C9713E2C73E13DCC20 /* Pods-Unit1 Project-Unit1 ProjectUITests.release.xcconfig */;
			buildSettings = {
				ALWAYS_EMBED_SWIFT_STANDARD_LIBRARIES = YES;
				CODE_SIGN_STYLE = Automatic;
				DEVELOPMENT_TEAM = H4R52F2843;
				INFOPLIST_FILE = "Unit1 ProjectUITests/Info.plist";
				LD_RUNPATH_SEARCH_PATHS = (
					"$(inherited)",
					"@executable_path/Frameworks",
					"@loader_path/Frameworks",
				);
				PRODUCT_BUNDLE_IDENTIFIER = "JuanG.Unit1-ProjectUITests";
				PRODUCT_NAME = "$(TARGET_NAME)";
				SWIFT_VERSION = 5.0;
				TARGETED_DEVICE_FAMILY = "1,2";
				TEST_TARGET_NAME = "Unit1 Project";
			};
			name = Release;
		};
/* End XCBuildConfiguration section */

/* Begin XCConfigurationList section */
		0766994026EE667F00EE095E /* Build configuration list for PBXProject "Unit1 Project" */ = {
			isa = XCConfigurationList;
			buildConfigurations = (
				0766996D26EE668100EE095E /* Debug */,
				0766996E26EE668100EE095E /* Release */,
			);
			defaultConfigurationIsVisible = 0;
			defaultConfigurationName = Release;
		};
		0766996F26EE668100EE095E /* Build configuration list for PBXNativeTarget "Unit1 Project" */ = {
			isa = XCConfigurationList;
			buildConfigurations = (
				0766997026EE668100EE095E /* Debug */,
				0766997126EE668100EE095E /* Release */,
			);
			defaultConfigurationIsVisible = 0;
			defaultConfigurationName = Release;
		};
		0766997226EE668100EE095E /* Build configuration list for PBXNativeTarget "Unit1 ProjectTests" */ = {
			isa = XCConfigurationList;
			buildConfigurations = (
				0766997326EE668100EE095E /* Debug */,
				0766997426EE668100EE095E /* Release */,
			);
			defaultConfigurationIsVisible = 0;
			defaultConfigurationName = Release;
		};
		0766997526EE668100EE095E /* Build configuration list for PBXNativeTarget "Unit1 ProjectUITests" */ = {
			isa = XCConfigurationList;
			buildConfigurations = (
				0766997626EE668100EE095E /* Debug */,
				0766997726EE668100EE095E /* Release */,
			);
			defaultConfigurationIsVisible = 0;
			defaultConfigurationName = Release;
		};
/* End XCConfigurationList section */
	};
	rootObject = 0766993D26EE667F00EE095E /* Project object */;
}
